
Microsoft Visual Studio Solution File, Format Version 12.00
Project("{2150E333-8FDC-42A3-9474-1A3956D46DE8}") = "BFF", "BFF", "{3474E9FD-AD15-411A-BC3A-CD296F451E9F}"
EndProject
Project("{FAE04EC0-301F-11D3-BF4B-00C04F79EFBC}") = "NstuOnline.BFF.Api", "BFF\NstuOnline.BFF.Api\NstuOnline.BFF.Api.csproj", "{5E30FD73-3F1B-49D7-B1F9-8988662429DC}"
EndProject
Project("{FAE04EC0-301F-11D3-BF4B-00C04F79EFBC}") = "test", "test\test.csproj", "{B29865EB-F123-46EE-BF2D-E2457F37EA7F}"
EndProject
Project("{2150E333-8FDC-42A3-9474-1A3956D46DE8}") = "MessageService", "MessageService", "{0AD4EC79-64E0-459C-BFC8-F8279D223DE7}"
EndProject
Project("{FAE04EC0-301F-11D3-BF4B-00C04F79EFBC}") = "NstuOnline.MessageService.Api", "MessageService\NstuOnline.MessageService.Api\NstuOnline.MessageService.Api.csproj", "{A556FE56-C7FE-40BF-98F9-1F1C0A4C48E2}"
EndProject
Project("{FAE04EC0-301F-11D3-BF4B-00C04F79EFBC}") = "NstuOnline.MessageService.Infrastructure", "MessageService\NstuOnline.MessageService.Infrastructure\NstuOnline.MessageService.Infrastructure.csproj", "{DA0CCFFA-7D20-4E25-B483-5EF1D981D263}"
EndProject
Project("{FAE04EC0-301F-11D3-BF4B-00C04F79EFBC}") = "NstuOnline.MessageService.Domain", "MessageService\NstuOnline.MessageService.Domain\NstuOnline.MessageService.Domain.csproj", "{76FBF081-FA56-4A81-ABC1-6D6EBDBC6D3A}"
EndProject
Project("{FAE04EC0-301F-11D3-BF4B-00C04F79EFBC}") = "NstuOnline.MessageService.Application", "MessageService\NstuOnline.MessageService.Application\NstuOnline.MessageService.Application.csproj", "{CF943D77-4579-48F1-95F1-FC6F2749C58C}"
EndProject
Project("{FAE04EC0-301F-11D3-BF4B-00C04F79EFBC}") = "NstuOnline.BFF.Application", "BFF\NstuOnline.BFF.Application\NstuOnline.BFF.Application.csproj", "{9C0634FE-D2D9-419A-8A00-061F2794F30B}"
EndProject
Project("{FAE04EC0-301F-11D3-BF4B-00C04F79EFBC}") = "NstuOnline.BFF.Domain", "BFF\NstuOnline.BFF.Domain\NstuOnline.BFF.Domain.csproj", "{D3B6936A-FAA7-48B1-9531-78C39B8F273A}"
EndProject
Project("{FAE04EC0-301F-11D3-BF4B-00C04F79EFBC}") = "NstuOnline.BFF.Infrastructure", "BFF\NstuOnline.BFF.Infrastructure\NstuOnline.BFF.Infrastructure.csproj", "{4891C033-3A7E-4F23-8BA7-69A215B8E119}"
EndProject
Project("{FAE04EC0-301F-11D3-BF4B-00C04F79EFBC}") = "NstuOnline.MessageService.ApiClientContracts", "MessageService\NstuOnline.MessageService.ApiClientContracts\NstuOnline.MessageService.ApiClientContracts.csproj", "{E003CF66-0C7E-495F-ABCC-4725782454F1}"
EndProject
Global
	GlobalSection(SolutionConfigurationPlatforms) = preSolution
		Debug|Any CPU = Debug|Any CPU
		Release|Any CPU = Release|Any CPU
	EndGlobalSection
	GlobalSection(ProjectConfigurationPlatforms) = postSolution
		{5E30FD73-3F1B-49D7-B1F9-8988662429DC}.Debug|Any CPU.ActiveCfg = Debug|Any CPU
		{5E30FD73-3F1B-49D7-B1F9-8988662429DC}.Debug|Any CPU.Build.0 = Debug|Any CPU
		{5E30FD73-3F1B-49D7-B1F9-8988662429DC}.Release|Any CPU.ActiveCfg = Release|Any CPU
		{5E30FD73-3F1B-49D7-B1F9-8988662429DC}.Release|Any CPU.Build.0 = Release|Any CPU
		{B29865EB-F123-46EE-BF2D-E2457F37EA7F}.Debug|Any CPU.ActiveCfg = Debug|Any CPU
		{B29865EB-F123-46EE-BF2D-E2457F37EA7F}.Debug|Any CPU.Build.0 = Debug|Any CPU
		{B29865EB-F123-46EE-BF2D-E2457F37EA7F}.Release|Any CPU.ActiveCfg = Release|Any CPU
		{B29865EB-F123-46EE-BF2D-E2457F37EA7F}.Release|Any CPU.Build.0 = Release|Any CPU
		{A556FE56-C7FE-40BF-98F9-1F1C0A4C48E2}.Debug|Any CPU.ActiveCfg = Debug|Any CPU
		{A556FE56-C7FE-40BF-98F9-1F1C0A4C48E2}.Debug|Any CPU.Build.0 = Debug|Any CPU
		{A556FE56-C7FE-40BF-98F9-1F1C0A4C48E2}.Release|Any CPU.ActiveCfg = Release|Any CPU
		{A556FE56-C7FE-40BF-98F9-1F1C0A4C48E2}.Release|Any CPU.Build.0 = Release|Any CPU
		{DA0CCFFA-7D20-4E25-B483-5EF1D981D263}.Debug|Any CPU.ActiveCfg = Debug|Any CPU
		{DA0CCFFA-7D20-4E25-B483-5EF1D981D263}.Debug|Any CPU.Build.0 = Debug|Any CPU
		{DA0CCFFA-7D20-4E25-B483-5EF1D981D263}.Release|Any CPU.ActiveCfg = Release|Any CPU
		{DA0CCFFA-7D20-4E25-B483-5EF1D981D263}.Release|Any CPU.Build.0 = Release|Any CPU
		{76FBF081-FA56-4A81-ABC1-6D6EBDBC6D3A}.Debug|Any CPU.ActiveCfg = Debug|Any CPU
		{76FBF081-FA56-4A81-ABC1-6D6EBDBC6D3A}.Debug|Any CPU.Build.0 = Debug|Any CPU
		{76FBF081-FA56-4A81-ABC1-6D6EBDBC6D3A}.Release|Any CPU.ActiveCfg = Release|Any CPU
		{76FBF081-FA56-4A81-ABC1-6D6EBDBC6D3A}.Release|Any CPU.Build.0 = Release|Any CPU
		{CF943D77-4579-48F1-95F1-FC6F2749C58C}.Debug|Any CPU.ActiveCfg = Debug|Any CPU
		{CF943D77-4579-48F1-95F1-FC6F2749C58C}.Debug|Any CPU.Build.0 = Debug|Any CPU
		{CF943D77-4579-48F1-95F1-FC6F2749C58C}.Release|Any CPU.ActiveCfg = Release|Any CPU
		{CF943D77-4579-48F1-95F1-FC6F2749C58C}.Release|Any CPU.Build.0 = Release|Any CPU
		{9C0634FE-D2D9-419A-8A00-061F2794F30B}.Debug|Any CPU.ActiveCfg = Debug|Any CPU
		{9C0634FE-D2D9-419A-8A00-061F2794F30B}.Debug|Any CPU.Build.0 = Debug|Any CPU
		{9C0634FE-D2D9-419A-8A00-061F2794F30B}.Release|Any CPU.ActiveCfg = Release|Any CPU
		{9C0634FE-D2D9-419A-8A00-061F2794F30B}.Release|Any CPU.Build.0 = Release|Any CPU
		{D3B6936A-FAA7-48B1-9531-78C39B8F273A}.Debug|Any CPU.ActiveCfg = Debug|Any CPU
		{D3B6936A-FAA7-48B1-9531-78C39B8F273A}.Debug|Any CPU.Build.0 = Debug|Any CPU
		{D3B6936A-FAA7-48B1-9531-78C39B8F273A}.Release|Any CPU.ActiveCfg = Release|Any CPU
		{D3B6936A-FAA7-48B1-9531-78C39B8F273A}.Release|Any CPU.Build.0 = Release|Any CPU
		{4891C033-3A7E-4F23-8BA7-69A215B8E119}.Debug|Any CPU.ActiveCfg = Debug|Any CPU
		{4891C033-3A7E-4F23-8BA7-69A215B8E119}.Debug|Any CPU.Build.0 = Debug|Any CPU
		{4891C033-3A7E-4F23-8BA7-69A215B8E119}.Release|Any CPU.ActiveCfg = Release|Any CPU
		{4891C033-3A7E-4F23-8BA7-69A215B8E119}.Release|Any CPU.Build.0 = Release|Any CPU
		{E003CF66-0C7E-495F-ABCC-4725782454F1}.Debug|Any CPU.ActiveCfg = Debug|Any CPU
		{E003CF66-0C7E-495F-ABCC-4725782454F1}.Debug|Any CPU.Build.0 = Debug|Any CPU
		{E003CF66-0C7E-495F-ABCC-4725782454F1}.Release|Any CPU.ActiveCfg = Release|Any CPU
		{E003CF66-0C7E-495F-ABCC-4725782454F1}.Release|Any CPU.Build.0 = Release|Any CPU
	EndGlobalSection
	GlobalSection(NestedProjects) = preSolution
		{5E30FD73-3F1B-49D7-B1F9-8988662429DC} = {3474E9FD-AD15-411A-BC3A-CD296F451E9F}
		{B29865EB-F123-46EE-BF2D-E2457F37EA7F} = {3474E9FD-AD15-411A-BC3A-CD296F451E9F}
		{A556FE56-C7FE-40BF-98F9-1F1C0A4C48E2} = {0AD4EC79-64E0-459C-BFC8-F8279D223DE7}
		{DA0CCFFA-7D20-4E25-B483-5EF1D981D263} = {0AD4EC79-64E0-459C-BFC8-F8279D223DE7}
		{76FBF081-FA56-4A81-ABC1-6D6EBDBC6D3A} = {0AD4EC79-64E0-459C-BFC8-F8279D223DE7}
		{CF943D77-4579-48F1-95F1-FC6F2749C58C} = {0AD4EC79-64E0-459C-BFC8-F8279D223DE7}
		{9C0634FE-D2D9-419A-8A00-061F2794F30B} = {3474E9FD-AD15-411A-BC3A-CD296F451E9F}
		{D3B6936A-FAA7-48B1-9531-78C39B8F273A} = {3474E9FD-AD15-411A-BC3A-CD296F451E9F}
		{4891C033-3A7E-4F23-8BA7-69A215B8E119} = {3474E9FD-AD15-411A-BC3A-CD296F451E9F}
		{E003CF66-0C7E-495F-ABCC-4725782454F1} = {0AD4EC79-64E0-459C-BFC8-F8279D223DE7}
	EndGlobalSection
EndGlobal
